lockfileVersion: '9.0'

settings:
  autoInstallPeers: true
  excludeLinksFromLockfile: false

importers:

  .:
    dependencies:
      '@polkadot/api':
        specifier: ^16.5.6
        version: 16.5.6
      '@polkadot/api-augment':
        specifier: ^16.5.6
        version: 16.5.6
      '@polkadot/types':
        specifier: ^16.5.6
        version: 16.5.6
      '@polkadot/util-crypto':
        specifier: ^14.0.3
        version: 14.0.3(@polkadot/util@14.0.3)
      amqplib:
        specifier: ^1.0.2
        version: 1.0.2
      boxen:
        specifier: ^8.0.1
        version: 8.0.1
      chalk:
        specifier: ^5.6.2
        version: 5.6.2
      cli-table3:
        specifier: ^0.6.5
        version: 0.6.5
      dotenv:
        specifier: ^17.3.1
        version: 17.3.1
      mongoose:
        specifier: ^9.3.3
        version: 9.3.3
      tslib:
        specifier: ^2.8.1
        version: 2.8.1
    devDependencies:
      '@types/amqplib':
        specifier: ^0.10.8
        version: 0.10.8
      '@types/node':
        specifier: ^25.5.0
        version: 25.5.0
      ts-node:
        specifier: ^10.9.2
        version: 10.9.2(@types/node@25.5.0)(typescript@6.0.2)
      typescript:
        specifier: ^6.0.2
        version: 6.0.2

packages:

  '@colors/colors@1.5.0':
    resolution: {integrity: sha512-ooWCrlZP11i8GImSjTHYHLkvFDP48nS4+204nGb1RiX/WXYHmJA2III9/e2DWVabCESdW7hBAEzHRqUn9OUVvQ==}
    engines: {node: '>=0.1.90'}

  '@cspotcode/source-map-support@0.8.1':
    resolution: {integrity: sha512-IchNf6dN4tHoMFIn/7OE8LWZ19Y6q/67Bmf6vnGREv8RSbBVb9LPJxEcnwrcwX6ixSvaiGoomAUvu4YSxXrVgw==}
    engines: {node: '>=12'}

  '@jridgewell/resolve-uri@3.1.2':
    resolution: {integrity: sha512-bRISgCIjP20/tbWSPWMEi54QVPRZExkuD9lJL+UIxUKtwVJA8wW1Trb1jMs1RFXo1CBTNZ/5hpC9QvmKWdopKw==}
    engines: {node: '>=6.0.0'}

  '@jridgewell/sourcemap-codec@1.5.5':
    resolution: {integrity: sha512-cYQ9310grqxueWbl+WuIUIaiUaDcj7WOq5fVhEljNVgRfOUhY9fy2zTvfoqWsnebh8Sl70VScFbICvJnLKB0Og==}

  '@jridgewell/trace-mapping@0.3.9':
    resolution: {integrity: sha512-3Belt6tdc8bPgAtbcmdtNJlirVoTmEb5e2gC94PnkwEW9jI6CAHUeoG85tjWP5WquqfavoMtMwiG4P926ZKKuQ==}

  '@mongodb-js/saslprep@1.4.6':
    resolution: {integrity: sha512-y+x3H1xBZd38n10NZF/rEBlvDOOMQ6LKUTHqr8R9VkJ+mmQOYtJFxIlkkK8fZrtOiL6VixbOBWMbZGBdal3Z1g==}

  '@noble/curves@1.9.7':
    resolution: {integrity: sha512-gbKGcRUYIjA3/zCCNaWDciTMFI0dCkvou3TL8Zmy5Nc7sJ47a0jtOeZoTaMxkuqRo9cRhjOdZJXegxYE5FN/xw==}
    engines: {node: ^14.21.3 || >=16}

  '@noble/hashes@1.8.0':
    resolution: {integrity: sha512-jCs9ldd7NwzpgXDIf6P3+NrHh9/sD6CQdxHyjQI+h/6rDNo88ypBxxz45UDuZHz9r3tNz7N/VInSVoVdtXEI4A==}
    engines: {node: ^14.21.3 || >=16}

  '@polkadot-api/json-rpc-provider-proxy@0.1.0':
    resolution: {integrity: sha512-8GSFE5+EF73MCuLQm8tjrbCqlgclcHBSRaswvXziJ0ZW7iw3UEMsKkkKvELayWyBuOPa2T5i1nj6gFOeIsqvrg==}

  '@polkadot-api/json-rpc-provider@0.0.1':
    resolution: {integrity: sha512-/SMC/l7foRjpykLTUTacIH05H3mr9ip8b5xxfwXlVezXrNVLp3Cv0GX6uItkKd+ZjzVPf3PFrDF2B2/HLSNESA==}

  '@polkadot-api/metadata-builders@0.3.2':
    resolution: {integrity: sha512-TKpfoT6vTb+513KDzMBTfCb/ORdgRnsS3TDFpOhAhZ08ikvK+hjHMt5plPiAX/OWkm1Wc9I3+K6W0hX5Ab7MVg==}

  '@polkadot-api/observable-client@0.3.2':
    resolution: {integrity: sha512-HGgqWgEutVyOBXoGOPp4+IAq6CNdK/3MfQJmhCJb8YaJiaK4W6aRGrdQuQSTPHfERHCARt9BrOmEvTXAT257Ug==}
    peerDependencies:
      '@polkadot-api/substrate-client': 0.1.4
      rxjs: '>=7.8.0'

  '@polkadot-api/substrate-bindings@0.6.0':
    resolution: {integrity: sha512-lGuhE74NA1/PqdN7fKFdE5C1gNYX357j1tWzdlPXI0kQ7h3kN0zfxNOpPUN7dIrPcOFZ6C0tRRVrBylXkI6xPw==}

  '@polkadot-api/substrate-client@0.1.4':
    resolution: {integrity: sha512-MljrPobN0ZWTpn++da9vOvt+Ex+NlqTlr/XT7zi9sqPtDJiQcYl+d29hFAgpaeTqbeQKZwz3WDE9xcEfLE8c5A==}

  '@polkadot-api/utils@0.1.0':
    resolution: {integrity: sha512-MXzWZeuGxKizPx2Xf/47wx9sr/uxKw39bVJUptTJdsaQn/TGq+z310mHzf1RCGvC1diHM8f593KrnDgc9oNbJA==}

  '@polkadot/api-augment@16.5.6':
    resolution: {integrity: sha512-bunJF1c3nIuDtU6iwa+reTt9U47Y8iOC8Gw7PfANlZmLJmO/XVXnWc3JJLM+g9ESDn2raHJELeWBFVOXQrbtUw==}
    engines: {node: '>=18'}

  '@polkadot/api-base@16.5.6':
    resolution: {integrity: sha512-eBLIv86ZZY4t5OrobVoGC+QXbErOGlBpI2rJI5OMvTNPoVvtEoI++u+wwRScjkOZaUhXyQikd+0Uv71qr3xnsA==}
    engines: {node: '>=18'}

  '@polkadot/api-derive@16.5.6':
    resolution: {integrity: sha512-cHdvPvhYFch18uPTcuOZJ8VceOfercod2fi4xCnHJAmattzlgj9qCgnOoxdmBS9GZ403ZyRHOjBuUwZy/IsUWQ==}
    engines: {node: '>=18'}

  '@polkadot/api@16.5.6':
    resolution: {integrity: sha512-5h/X3pY8WpqGk4XTaiIUjKD6Pnk8k4bJ6EIwPKLP8/kfFWKSOenpN6ggZxANr+Qj+RgXrp4TxJVcuhXSiBh9Sg==}
    engines: {node: '>=18'}

  '@polkadot/keyring@14.0.3':
    resolution: {integrity: sha512-ozp1dQwaHCjgX/fpTTORmHjxdUNQnyiTVJszpzUaUpvtH/IGZhSU/mSHXMqNETS/g57vQa7NatIDcWfyR9abyA==}
    engines: {node: '>=18'}
    peerDependencies:
      '@polkadot/util': 14.0.3
      '@polkadot/util-crypto': 14.0.3

  '@polkadot/networks@14.0.3':
    resolution: {integrity: sha512-/VqTLUDn+Wm8S2L/yaGFddo3oW4vRYav0Rg4pLg/semMZLaN8PJ6h927ucn9JyWdH82QfZfyiIPORt0ZF3isyw==}
    engines: {node: '>=18'}

  '@polkadot/rpc-augment@16.5.6':
    resolution: {integrity: sha512-vlrNvl2VtU09jZV/AvH7jBb/cNUO+dWu8Xj9pId5ctSUnZHm8o8wRk9ekyieKP57OUoKMd8+VScwMKd624SxTw==}
    engines: {node: '>=18'}

  '@polkadot/rpc-core@16.5.6':
    resolution: {integrity: sha512-l6od++WlvKH4mw5mtsIh2AhiBs3H+TtdOoUHVLCx/R9il7+gl+arltzZ8vBuffyh/O+uQ36lI8yUoD1g4gi1tA==}
    engines: {node: '>=18'}

  '@polkadot/rpc-provider@16.5.6':
    resolution: {integrity: sha512-46sHIjKYr4aSzBCfbyqtCwuP8MMJ3jOp0xx9eggOGbKyP8Z0j0Cp+1nNkZUYzehcdGjjrmCxCbQp17wc6cj4zA==}
    engines: {node: '>=18'}

  '@polkadot/types-augment@16.5.6':
    resolution: {integrity: sha512-QN5UrluUZCVgknUDW0gps/FRQ13Qgm24w53pCd2HgD0nmTtXDt9D4psjWwx5JkGTkUAvpzFWwN41bkxAeCiV6g==}
    engines: {node: '>=18'}

  '@polkadot/types-codec@16.5.6':
    resolution: {integrity: sha512-3tzUv1LZOL97IlQmko4dqbfRC0cg9IQ2QAHRVoDIWsXrVovp1V3kPdP0o6e3I8T2XB9IlbabK91v+ZiIxhGMZw==}
    engines: {node: '>=18'}

  '@polkadot/types-create@16.5.6':
    resolution: {integrity: sha512-g7g3hrjpz4KgqQqei9PU0JY9fsFHBmThWALZk5pWB32vyDyDcXZiyhH3agDhqfmzQiolTW2FuvcNJxgS634J1w==}
    engines: {node: '>=18'}

  '@polkadot/types-known@16.5.6':
    resolution: {integrity: sha512-c78NcVO3LIvi4xzxB39WewE+80I4jOYUtPBaB4AzSMespEwIr92VTeX3KzFWuutxDXLSPqeVfXhaAhBB0NssiQ==}
    engines: {node: '>=18'}

  '@polkadot/types-support@16.5.6':
    resolution: {integrity: sha512-Hqpa/hCvXZXUTUiJMAE55UXpzAeCVLaFlzzXQXLkne0vhmv3/JkWcBnX755a/b9+C4b3MKEz2i0tSKLsa3DldA==}
    engines: {node: '>=18'}

  '@polkadot/types@16.5.6':
    resolution: {integrity: sha512-X/sfMHJS4RkRhnsc4CQqzUy7BM/s2y71TrBFHPYAjs2q/rbZ/BwvBk70SrUiSa0+iRRn3RewbBZm+AB8CbkdKw==}
    engines: {node: '>=18'}

  '@polkadot/util-crypto@14.0.3':
    resolution: {integrity: sha512-V00BI6XnZLCkrAmV8uN0eSB6fy48CkxdDZT29cgSMSwHPtY6oKUNgd1ST07PGCL5x8XflwjoA7CTlhdbp1Y9gw==}
    engines: {node: '>=18'}
    peerDependencies:
      '@polkadot/util': 14.0.3

  '@polkadot/util@14.0.3':
    resolution: {integrity: sha512-mg1NR7ixHlNiz2zbvdcdy1OXZmca2tVA4DpewGpY/qFkW/gq9HdDrHLu7g0k90QnunDcFW4emb7NB60sGJQ0bw==}
    engines: {node: '>=18'}

  '@polkadot/wasm-bridge@7.5.4':
    resolution: {integrity: sha512-6xaJVvoZbnbgpQYXNw9OHVNWjXmtcoPcWh7hlwx3NpfiLkkjljj99YS+XGZQlq7ks2fVCg7FbfknkNb8PldDaA==}
    engines: {node: '>=18'}
    peerDependencies:
      '@polkadot/util': '*'
      '@polkadot/x-randomvalues': '*'

  '@polkadot/wasm-crypto-asmjs@7.5.4':
    resolution: {integrity: sha512-ZYwxQHAJ8pPt6kYk9XFmyuFuSS+yirJLonvP+DYbxOrARRUHfN4nzp4zcZNXUuaFhpbDobDSFn6gYzye6BUotA==}
    engines: {node: '>=18'}
    peerDependencies:
      '@polkadot/util': '*'

  '@polkadot/wasm-crypto-init@7.5.4':
    resolution: {integrity: sha512-U6s4Eo2rHs2n1iR01vTz/sOQ7eOnRPjaCsGWhPV+ZC/20hkVzwPAhiizu/IqMEol4tO2yiSheD4D6bn0KxUJhg==}
    engines: {node: '>=18'}
    peerDependencies:
      '@polkadot/util': '*'
      '@polkadot/x-randomvalues': '*'

  '@polkadot/wasm-crypto-wasm@7.5.4':
    resolution: {integrity: sha512-PsHgLsVTu43eprwSvUGnxybtOEuHPES6AbApcs7y5ZbM2PiDMzYbAjNul098xJK/CPtrxZ0ePDFnaQBmIJyTFw==}
    engines: {node: '>=18'}
    peerDependencies:
      '@polkadot/util': '*'

  '@polkadot/wasm-crypto@7.5.4':
    resolution: {integrity: sha512-1seyClxa7Jd7kQjfnCzTTTfYhTa/KUTDUaD3DMHBk5Q4ZUN1D1unJgX+v1aUeXSPxmzocdZETPJJRZjhVOqg9g==}
    engines: {node: '>=18'}
    peerDependencies:
      '@polkadot/util': '*'
      '@polkadot/x-randomvalues': '*'

  '@polkadot/wasm-util@7.5.4':
    resolution: {integrity: sha512-hqPpfhCpRAqCIn/CYbBluhh0TXmwkJnDRjxrU9Bnqtw9nMNa97D8JuOjdd2pi0rxm+eeLQ/f1rQMp71RMM9t4w==}
    engines: {node: '>=18'}
    peerDependencies:
      '@polkadot/util': '*'

  '@polkadot/x-bigint@14.0.3':
    resolution: {integrity: sha512-U0al6BKgldFrEbmSObRAlzv9VDs5SMa/rbvZKvvkVec0sWTzYPWQZU1ZC/biXLYdjdKML89BeuCKmXZtCcGhUQ==}
    engines: {node: '>=18'}

  '@polkadot/x-fetch@14.0.3':
    resolution: {integrity: sha512-695c5aPBPtYcnn2zM+u0mXgyNHINlO0qGlGcJq3/0t5NVRZv5KZhk7NNm6antOay9uUjGG40F/r+LPzDT3QamA==}
    engines: {node: '>=18'}

  '@polkadot/x-global@14.0.3':
    resolution: {integrity: sha512-MzMEynJ7HMTy/plLmdyP8rv14RS/6s29HZodUG9aCOscBnEiEDxVEax/ztRJqxhhQuHeYdx0LYDwVbdQDTkqNw==}
    engines: {node: '>=18'}

  '@polkadot/x-randomvalues@14.0.3':
    resolution: {integrity: sha512-qTPcrk0nIHL2tIu5e0cLj3puQvjCK7onehnqO2fvlmWeIlvDel66fwWs06Ipsib+CwLJdmE6WgNy+8Jv74r6YA==}
    engines: {node: '>=18'}
    peerDependencies:
      '@polkadot/util': 14.0.3
      '@polkadot/wasm-util': '*'

  '@polkadot/x-textdecoder@14.0.3':
    resolution: {integrity: sha512-4RJYDG00iUzQ7YAuS/yvkWRZlkjYU8PUNdJHRfqtJ+SjrSPB7LYYxFhLgw43TZUtHmIueNTsml2Ukv3xXTr2kA==}
    engines: {node: '>=18'}

  '@polkadot/x-textencoder@14.0.3':
    resolution: {integrity: sha512-9HH6o2L+r99wEfXhPb5g+Xwn7qouqD32PsMux7B0dFGR2KNqP4KwO19Hu+gdij6wsEhy7delhZwzHenrWwDfhQ==}
    engines: {node: '>=18'}

  '@polkadot/x-ws@14.0.3':
    resolution: {integrity: sha512-tOPdkMye3iuXnuFtdNg5+iSu7Cz9LRL8z5psMuZpUpThMYChGsS2pDFtNvXOKU8ohhO+frY9VdJ9VBg1WL9Iug==}
    engines: {node: '>=18'}

  '@scure/base@1.2.6':
    resolution: {integrity: sha512-g/nm5FgUa//MCj1gV09zTJTaM6KBAHqLN907YVQqf7zC49+DcO4B1so4ZX07Ef10Twr6nuqYEH9GEggFXA4Fmg==}

  '@scure/sr25519@0.2.0':
    resolution: {integrity: sha512-uUuLP7Z126XdSizKtrCGqYyR3b3hYtJ6Fg/XFUXmc2//k2aXHDLqZwFeXxL97gg4XydPROPVnuaHGF2+xriSKg==}

  '@substrate/connect-extension-protocol@2.2.2':
    resolution: {integrity: sha512-t66jwrXA0s5Goq82ZtjagLNd7DPGCNjHeehRlE/gcJmJ+G56C0W+2plqOMRicJ8XGR1/YFnUSEqUFiSNbjGrAA==}

  '@substrate/connect-known-chains@1.10.3':
    resolution: {integrity: sha512-OJEZO1Pagtb6bNE3wCikc2wrmvEU5x7GxFFLqqbz1AJYYxSlrPCGu4N2og5YTExo4IcloNMQYFRkBGue0BKZ4w==}

  '@substrate/connect@0.8.11':
    resolution: {integrity: sha512-ofLs1PAO9AtDdPbdyTYj217Pe+lBfTLltdHDs3ds8no0BseoLeAGxpz1mHfi7zB4IxI3YyAiLjH6U8cw4pj4Nw==}
    deprecated: versions below 1.x are no longer maintained

  '@substrate/light-client-extension-helpers@1.0.0':
    resolution: {integrity: sha512-TdKlni1mBBZptOaeVrKnusMg/UBpWUORNDv5fdCaJklP4RJiFOzBCrzC+CyVI5kQzsXBisZ+2pXm+rIjS38kHg==}
    peerDependencies:
      smoldot: 2.x

  '@substrate/ss58-registry@1.51.0':
    resolution: {integrity: sha512-TWDurLiPxndFgKjVavCniytBIw+t4ViOi7TYp9h/D0NMmkEc9klFTo+827eyEJ0lELpqO207Ey7uGxUa+BS1jQ==}

  '@tsconfig/node10@1.0.12':
    resolution: {integrity: sha512-UCYBaeFvM11aU2y3YPZ//O5Rhj+xKyzy7mvcIoAjASbigy8mHMryP5cK7dgjlz2hWxh1g5pLw084E0a/wlUSFQ==}

  '@tsconfig/node12@1.0.11':
    resolution: {integrity: sha512-cqefuRsh12pWyGsIoBKJA9luFu3mRxCA+ORZvA4ktLSzIuCUtWVxGIuXigEwO5/ywWFMZ2QEGKWvkZG1zDMTag==}

  '@tsconfig/node14@1.0.3':
    resolution: {integrity: sha512-ysT8mhdixWK6Hw3i1V2AeRqZ5WfXg1G43mqoYlM2nc6388Fq5jcXyr5mRsqViLx/GJYdoL0bfXD8nmF+Zn/Iow==}

  '@tsconfig/node16@1.0.4':
    resolution: {integrity: sha512-vxhUy4J8lyeyinH7Azl1pdd43GJhZH/tP2weN8TntQblOY+A0XbT8DJk1/oCPuOOyg/Ja757rG0CgHcWC8OfMA==}

  '@types/amqplib@0.10.8':
    resolution: {integrity: sha512-vtDp8Pk1wsE/AuQ8/Rgtm6KUZYqcnTgNvEHwzCkX8rL7AGsC6zqAfKAAJhUZXFhM/Pp++tbnUHiam/8vVpPztA==}

  '@types/bn.js@5.2.0':
    resolution: {integrity: sha512-DLbJ1BPqxvQhIGbeu8VbUC1DiAiahHtAYvA0ZEAa4P31F7IaArc8z3C3BRQdWX4mtLQuABG4yzp76ZrS02Ui1Q==}

  '@types/node@25.5.0':
    resolution: {integrity: sha512-jp2P3tQMSxWugkCUKLRPVUpGaL5MVFwF8RDuSRztfwgN1wmqJeMSbKlnEtQqU8UrhTmzEmZdu2I6v2dpp7XIxw==}

  '@types/webidl-conversions@7.0.3':
    resolution: {integrity: sha512-CiJJvcRtIgzadHCYXw7dqEnMNRjhGZlYK05Mj9OyktqV8uVT8fD2BFOB7S1uwBE3Kj2Z+4UyPmFw/Ixgw/LAlA==}

  '@types/whatwg-url@13.0.0':
    resolution: {integrity: sha512-N8WXpbE6Wgri7KUSvrmQcqrMllKZ9uxkYWMt+mCSGwNc0Hsw9VQTW7ApqI4XNrx6/SaM2QQJCzMPDEXE058s+Q==}

  acorn-walk@8.3.5:
    resolution: {integrity: sha512-HEHNfbars9v4pgpW6SO1KSPkfoS0xVOM/9UzkJltjlsHZmJasxg8aXkuZa7SMf8vKGIBhpUsPluQSqhJFCqebw==}
    engines: {node: '>=0.4.0'}

  acorn@8.16.0:
    resolution: {integrity: sha512-UVJyE9MttOsBQIDKw1skb9nAwQuR5wuGD3+82K6JgJlm/Y+KI92oNsMNGZCYdDsVtRHSak0pcV5Dno5+4jh9sw==}
    engines: {node: '>=0.4.0'}
    hasBin: true

  amqplib@1.0.2:
    resolution: {integrity: sha512-QFzavIs3FxXA9/PWOiY/j5Arr7KFT0b1TYYsq9f5PyZ3Dv5H5hQXTK3fZTUUzzOo2BF1o/Vk5bHAKzlL40LfDA==}
    engines: {node: '>=18'}

  ansi-align@3.0.1:
    resolution: {integrity: sha512-IOfwwBF5iczOjp/WeY4YxyjqAFMQoZufdQWDd19SEExbVLNXqvpzSJ/M7Za4/sCPmQ0+GRquoA7bGcINcxew6w==}

  ansi-regex@5.0.1:
    resolution: {integrity: sha512-quJQXlTSUGL2LH9SUXo8VwsY4soanhgo6LNSm84E1LBcE8s3O0wpdiRzyR9z/ZZJMlMWv37qOOb9pdJlMUEKFQ==}
    engines: {node: '>=8'}

  ansi-regex@6.2.2:
    resolution: {integrity: sha512-Bq3SmSpyFHaWjPk8If9yc6svM8c56dB5BAtW4Qbw5jHTwwXXcTLoRMkpDJp6VL0XzlWaCHTXrkFURMYmD0sLqg==}
    engines: {node: '>=12'}

  ansi-styles@6.2.3:
    resolution: {integrity: sha512-4Dj6M28JB+oAH8kFkTLUo+a2jwOFkuqb3yucU0CANcRRUbxS0cP0nZYCGjcc3BNXwRIsUVmDGgzawme7zvJHvg==}
    engines: {node: '>=12'}

  arg@4.1.3:
    resolution: {integrity: sha512-58S9QDqG0Xx27YwPSt9fJxivjYl432YCwfDMfZ+71RAqUrZef7LrKQZ3LHLOwCS4FLNBplP533Zx895SeOCHvA==}

  bn.js@5.2.3:
    resolution: {integrity: sha512-EAcmnPkxpntVL+DS7bO1zhcZNvCkxqtkd0ZY53h06GNQ3DEkkGZ/gKgmDv6DdZQGj9BgfSPKtJJ7Dp1GPP8f7w==}

  boxen@8.0.1:
    resolution: {integrity: sha512-F3PH5k5juxom4xktynS7MoFY+NUWH5LC4CnH11YB8NPew+HLpmBLCybSAEyb2F+4pRXhuhWqFesoQd6DAyc2hw==}
    engines: {node: '>=18'}

  bson@7.2.0:
    resolution: {integrity: sha512-YCEo7KjMlbNlyHhz7zAZNDpIpQbd+wOEHJYezv0nMYTn4x31eIUM2yomNNubclAt63dObUzKHWsBLJ9QcZNSnQ==}
    engines: {node: '>=20.19.0'}

  buffer-more-ints@1.0.0:
    resolution: {integrity: sha512-EMetuGFz5SLsT0QTnXzINh4Ksr+oo4i+UGTXEshiGCQWnsgSs7ZhJ8fzlwQ+OzEMs0MpDAMr1hxnblp5a4vcHg==}

  camelcase@8.0.0:
    resolution: {integrity: sha512-8WB3Jcas3swSvjIeA2yvCJ+Miyz5l1ZmB6HFb9R1317dt9LCQoswg/BGrmAmkWVEszSrrg4RwmO46qIm2OEnSA==}
    engines: {node: '>=16'}

  chalk@5.6.2:
    resolution: {integrity: sha512-7NzBL0rN6fMUW+f7A6Io4h40qQlG+xGmtMxfbnH/K7TAtt8JQWVQK+6g0UXKMeVJoyV5EkkNsErQ8pVD3bLHbA==}
    engines: {node: ^12.17.0 || ^14.13 || >=16.0.0}

  cli-boxes@3.0.0:
    resolution: {integrity: sha512-/lzGpEWL/8PfI0BmBOPRwp0c/wFNX1RdUML3jK/RcSBA9T8mZDdQpqYBKtCFTOfQbwPqWEOpjqW+Fnayc0969g==}
    engines: {node: '>=10'}

  cli-table3@0.6.5:
    resolution: {integrity: sha512-+W/5efTR7y5HRD7gACw9yQjqMVvEMLBHmboM/kPWam+H+Hmyrgjh6YncVKK122YZkXrLudzTuAukUw9FnMf7IQ==}
    engines: {node: 10.* || >= 12.*}

  create-require@1.1.1:
    resolution: {integrity: sha512-dcKFX3jn0MpIaXjisoRvexIJVEKzaq7z2rZKxf+MSr9TkdmHmsU4m2lcLojrj/FHl8mk5VxMmYA+ftRkP/3oKQ==}

  data-uri-to-buffer@4.0.1:
    resolution: {integrity: sha512-0R9ikRb668HB7QDxT1vkpuUBtqc53YyAwMwGeUFKRojY/NWKvdZ+9UYtRfGmhqNbRkTSVpMbmyhXipFFv2cb/A==}
    engines: {node: '>= 12'}

  debug@4.4.3:
    resolution: {integrity: sha512-RGwwWnwQvkVfavKVt22FGLw+xYSdzARwm0ru6DhTVA3umU5hZc28V3kO4stgYryrTlLpuvgI9GiijltAjNbcqA==}
    engines: {node: '>=6.0'}
    peerDependencies:
      supports-color: '*'
    peerDependenciesMeta:
      supports-color:
        optional: true

  diff@4.0.4:
    resolution: {integrity: sha512-X07nttJQkwkfKfvTPG/KSnE2OMdcUCao6+eXF3wmnIQRn2aPAHH3VxDbDOdegkd6JbPsXqShpvEOHfAT+nCNwQ==}
    engines: {node: '>=0.3.1'}

  dotenv@17.3.1:
    resolution: {integrity: sha512-IO8C/dzEb6O3F9/twg6ZLXz164a2fhTnEWb95H23Dm4OuN+92NmEAlTrupP9VW6Jm3sO26tQlqyvyi4CsnY9GA==}
    engines: {node: '>=12'}

  emoji-regex@10.6.0:
    resolution: {integrity: sha512-toUI84YS5YmxW219erniWD0CIVOo46xGKColeNQRgOzDorgBi1v4D71/OFzgD9GO2UGKIv1C3Sp8DAn0+j5w7A==}

  emoji-regex@8.0.0:
    resolution: {integrity: sha512-MSjYzcWNOA0ewAHpz0MxpYFvwg6yjy1NG3xteoqz644VCo/RPgnr1/GGt+ic3iJTzQ8Eu3TdM14SawnVUmGE6A==}

  eventemitter3@5.0.4:
    resolution: {integrity: sha512-mlsTRyGaPBjPedk6Bvw+aqbsXDtoAyAzm5MO7JgU+yVRyMQ5O8bD4Kcci7BS85f93veegeCPkL8R4GLClnjLFw==}

  fetch-blob@3.2.0:
    resolution: {integrity: sha512-7yAQpD2UMJzLi1Dqv7qFYnPbaPx7ZfFK6PiIxQ4PfkGPyNyl2Ugx+a/umUonmKqjhM4DnfbMvdX6otXq83soQQ==}
    engines: {node: ^12.20 || >= 14.13}

  formdata-polyfill@4.0.10:
    resolution: {integrity: sha512-buewHzMvYL29jdeQTVILecSaZKnt/RJWjoZCF5OW60Z67/GmSLBkOFM7qh1PI3zFNtJbaZL5eQu1vLfazOwj4g==}
    engines: {node: '>=12.20.0'}

  get-east-asian-width@1.5.0:
    resolution: {integrity: sha512-CQ+bEO+Tva/qlmw24dCejulK5pMzVnUOFOijVogd3KQs07HnRIgp8TGipvCCRT06xeYEbpbgwaCxglFyiuIcmA==}
    engines: {node: '>=18'}

  is-fullwidth-code-point@3.0.0:
    resolution: {integrity: sha512-zymm5+u+sCsSWyD9qNaejV3DFvhCKclKdizYaJUuHA83RLjb7nSuGnddCHGv0hk+KY7BMAlsWeK4Ueg6EV6XQg==}
    engines: {node: '>=8'}

  json-stringify-safe@5.0.1:
    resolution: {integrity: sha512-ZClg6AaYvamvYEE82d3Iyd3vSSIjQ+odgjaTzRuO3s7toCdFKczob2i0zCh7JE8kWn17yvAWhUVxvqGwUalsRA==}

  kareem@3.2.0:
    resolution: {integrity: sha512-VS8MWZz/cT+SqBCpVfNN4zoVz5VskR3N4+sTmUXme55e9avQHntpwpNq0yjnosISXqwJ3AQVjlbI4Dyzv//JtA==}
    engines: {node: '>=18.0.0'}

  make-error@1.3.6:
    resolution: {integrity: sha512-s8UhlNe7vPKomQhC1qFelMokr/Sc3AgNbso3n74mVPA5LTZwkB9NlXf4XPamLxJE8h0gh73rM94xvwRT2CVInw==}

  memory-pager@1.5.0:
    resolution: {integrity: sha512-ZS4Bp4r/Zoeq6+NLJpP+0Zzm0pR8whtGPf1XExKLJBAczGMnSi3It14OiNCStjQjM6NU1okjQGSxgEZN8eBYKg==}

  mock-socket@9.3.1:
    resolution: {integrity: sha512-qxBgB7Qa2sEQgHFjj0dSigq7fX4k6Saisd5Nelwp2q8mlbAFh5dHV9JTTlF8viYJLSSWgMCZFUom8PJcMNBoJw==}
    engines: {node: '>= 8'}

  mongodb-connection-string-url@7.0.1:
    resolution: {integrity: sha512-h0AZ9A7IDVwwHyMxmdMXKy+9oNlF0zFoahHiX3vQ8e3KFcSP3VmsmfvtRSuLPxmyv2vjIDxqty8smTgie/SNRQ==}
    engines: {node: '>=20.19.0'}

  mongodb@7.1.1:
    resolution: {integrity: sha512-067DXiMjcpYQl6bGjWQoTUEE9UoRViTtKFcoqX7z08I+iDZv/emH1g8XEFiO3qiDfXAheT5ozl1VffDTKhIW/w==}
    engines: {node: '>=20.19.0'}
    peerDependencies:
      '@aws-sdk/credential-providers': ^3.806.0
      '@mongodb-js/zstd': ^7.0.0
      gcp-metadata: ^7.0.1
      kerberos: ^7.0.0
      mongodb-client-encryption: '>=7.0.0 <7.1.0'
      snappy: ^7.3.2
      socks: ^2.8.6
    peerDependenciesMeta:
      '@aws-sdk/credential-providers':
        optional: true
      '@mongodb-js/zstd':
        optional: true
      gcp-metadata:
        optional: true
      kerberos:
        optional: true
      mongodb-client-encryption:
        optional: true
      snappy:
        optional: true
      socks:
        optional: true

  mongoose@9.3.3:
    resolution: {integrity: sha512-sfv5LOIPWeN5o/281kp4Rx9ZnuXb0g8CtvBTi7trYQs2PYYx8LWXegXxG3ar7VEns1o+d4h9LI/Dtc7dTTyYmA==}
    engines: {node: '>=20.19.0'}

  mpath@0.9.0:
    resolution: {integrity: sha512-ikJRQTk8hw5DEoFVxHG1Gn9T/xcjtdnOKIU1JTmGjZZlg9LST2mBLmcX3/ICIbgJydT2GOc15RnNy5mHmzfSew==}
    engines: {node: '>=4.0.0'}

  mquery@6.0.0:
    resolution: {integrity: sha512-b2KQNsmgtkscfeDgkYMcWGn9vZI9YoXh802VDEwE6qc50zxBFQ0Oo8ROkawbPAsXCY1/Z1yp0MagqsZStPWJjw==}
    engines: {node: '>=20.19.0'}

  ms@2.1.3:
    resolution: {integrity: sha512-6FlzubTLZG3J2a/NVCAleEhjzq5oxgHyaCU9yYXvcLsvoVaHJq/s5xXI6/XXP6tz7R9xAOtHnSO/tXtF3WRTlA==}

  nock@13.5.6:
    resolution: {integrity: sha512-o2zOYiCpzRqSzPj0Zt/dQ/DqZeYoaQ7TUonc/xUPjCGl9WeHpNbxgVvOquXYAaJzI0M9BXV3HTzG0p8IUAbBTQ==}
    engines: {node: '>= 10.13'}

  node-domexception@1.0.0:
    resolution: {integrity: sha512-/jKZoMpw0F8GRwl4/eLROPA3cfcXtLApP0QzLmUT/HuPCZWyB7IY9ZrMeKw2O/nFIqPQB3PVM9aYm0F312AXDQ==}
    engines: {node: '>=10.5.0'}
    deprecated: Use your platform's native DOMException instead

  node-fetch@3.3.2:
    resolution: {integrity: sha512-dRB78srN/l6gqWulah9SrxeYnxeddIG30+GOqK/9OlLVyLg3HPnr6SqOWTWOXKRwC2eGYCkZ59NNuSgvSrpgOA==}
    engines: {node: ^12.20.0 || ^14.13.1 || >=16.0.0}

  propagate@2.0.1:
    resolution: {integrity: sha512-vGrhOavPSTz4QVNuBNdcNXePNdNMaO1xj9yBeH1ScQPjk/rhg9sSlCXPhMkFuaNNW/syTvYqsnbIJxMBfRbbag==}
    engines: {node: '>= 8'}

  punycode@2.3.1:
    resolution: {integrity: sha512-vYt7UD1U9Wg6138shLtLOvdAu+8DsC/ilFtEVHcH+wydcSpNE20AfSOduf6MkRFahL5FY7X1oU7nKVZFtfq8Fg==}
    engines: {node: '>=6'}

  rxjs@7.8.2:
    resolution: {integrity: sha512-dhKf903U/PQZY6boNNtAGdWbG85WAbjT/1xYoZIC7FAY0yWapOBQVsVrDl58W86//e1VpMNBtRV4MaXfdMySFA==}

  scale-ts@1.6.1:
    resolution: {integrity: sha512-PBMc2AWc6wSEqJYBDPcyCLUj9/tMKnLX70jLOSndMtcUoLQucP/DM0vnQo1wJAYjTrQiq8iG9rD0q6wFzgjH7g==}

  sift@17.1.3:
    resolution: {integrity: sha512-Rtlj66/b0ICeFzYTuNvX/EF1igRbbnGSvEyT79McoZa/DeGhMyC5pWKOEsZKnpkqtSeovd5FL/bjHWC3CIIvCQ==}

  smoldot@2.0.26:
    resolution: {integrity: sha512-F+qYmH4z2s2FK+CxGj8moYcd1ekSIKH8ywkdqlOz88Dat35iB1DIYL11aILN46YSGMzQW/lbJNS307zBSDN5Ig==}

  sparse-bitfield@3.0.3:
    resolution: {integrity: sha512-kvzhi7vqKTfkh0PZU+2D2PIllw2ymqJKujUcyPMd9Y75Nv4nPbGJZXNhxsgdQab2BmlDct1YnfQCguEvHr7VsQ==}

  string-width@4.2.3:
    resolution: {integrity: sha512-wKyQRQpjJ0sIp62ErSZdGsjMJWsap5oRNihHhu6G7JVO/9jIB6UyevL+tXuOqrng8j/cxKTWyWUwvSTriiZz/g==}
    engines: {node: '>=8'}

  string-width@7.2.0:
    resolution: {integrity: sha512-tsaTIkKW9b4N+AEj+SVA+WhJzV7/zMhcSu78mLKWSk7cXMOSHsBKFWUs0fWwq8QyK3MgJBQRX6Gbi4kYbdvGkQ==}
    engines: {node: '>=18'}

  strip-ansi@6.0.1:
    resolution: {integrity: sha512-Y38VPSHcqkFrCpFnQ9vuSXmquuv5oXOKpGeT6aGrr3o3Gc9AlVa6JBfUSOCnbxGGZF+/0ooI7KrPuUSztUdU5A==}
    engines: {node: '>=8'}

  strip-ansi@7.2.0:
    resolution: {integrity: sha512-yDPMNjp4WyfYBkHnjIRLfca1i6KMyGCtsVgoKe/z1+6vukgaENdgGBZt+ZmKPc4gavvEZ5OgHfHdrazhgNyG7w==}
    engines: {node: '>=12'}

  tr46@5.1.1:
    resolution: {integrity: sha512-hdF5ZgjTqgAntKkklYw0R03MG2x/bSzTtkxmIRw/sTNV8YXsCJ1tfLAX23lhxhHJlEf3CRCOCGGWw3vI3GaSPw==}
    engines: {node: '>=18'}

  ts-node@10.9.2:
    resolution: {integrity: sha512-f0FFpIdcHgn8zcPSbf1dRevwt047YMnaiJM3u2w2RewrB+fob/zePZcrOyQoLMMO7aBIddLcQIEK5dYjkLnGrQ==}
    hasBin: true
    peerDependencies:
      '@swc/core': '>=1.2.50'
      '@swc/wasm': '>=1.2.50'
      '@types/node': '*'
      typescript: '>=2.7'
    peerDependenciesMeta:
      '@swc/core':
        optional: true
      '@swc/wasm':
        optional: true

  tslib@2.8.1:
    resolution: {integrity: sha512-oJFu94HQb+KVduSUQL7wnpmqnfmLsOA/nAh6b6EH0wCEoK0/mPeXU6c3wKDV83MkOuHPRHtSXKKU99IBazS/2w==}

  type-fest@4.41.0:
    resolution: {integrity: sha512-TeTSQ6H5YHvpqVwBRcnLDCBnDOHWYu7IvGbHT6N8AOymcr9PJGjc1GTtiWZTYg0NCgYwvnYWEkVChQAr9bjfwA==}
    engines: {node: '>=16'}

  typescript@6.0.2:
    resolution: {integrity: sha512-bGdAIrZ0wiGDo5l8c++HWtbaNCWTS4UTv7RaTH/ThVIgjkveJt83m74bBHMJkuCbslY8ixgLBVZJIOiQlQTjfQ==}
    engines: {node: '>=14.17'}
    hasBin: true

  undici-types@7.18.2:
    resolution: {integrity: sha512-AsuCzffGHJybSaRrmr5eHr81mwJU3kjw6M+uprWvCXiNeN9SOGwQ3Jn8jb8m3Z6izVgknn1R0FTCEAP2QrLY/w==}

  v8-compile-cache-lib@3.0.1:
    resolution: {integrity: sha512-wa7YjyUGfNZngI/vtK0UHAN+lgDCxBPCylVXGp0zu59Fz5aiGtNXaq3DhIov063MorB+VfufLh3JlF2KdTK3xg==}

  web-streams-polyfill@3.3.3:
    resolution: {integrity: sha512-d2JWLCivmZYTSIoge9MsgFCZrt571BikcWGYkjC1khllbTeDlGqZ2D8vD8E/lJa8WGWbb7Plm8/XJYV7IJHZZw==}
    engines: {node: '>= 8'}

  webidl-conversions@7.0.0:
    resolution: {integrity: sha512-VwddBukDzu71offAQR975unBIGqfKZpM+8ZX6ySk8nYhVoo5CYaZyzt3YBvYtRtO+aoGlqxPg/B87NGVZ/fu6g==}
    engines: {node: '>=12'}

  whatwg-url@14.2.0:
    resolution: {integrity: sha512-De72GdQZzNTUBBChsXueQUnPKDkg/5A5zp7pFDuQAj5UFoENpiACU0wlCvzpAGnTkj++ihpKwKyYewn/XNUbKw==}
    engines: {node: '>=18'}

  widest-line@5.0.0:
    resolution: {integrity: sha512-c9bZp7b5YtRj2wOe6dlj32MK+Bx/M/d+9VB2SHM1OtsUHR0aV0tdP6DWh/iMt0kWi1t5g1Iudu6hQRNd1A4PVA==}
    engines: {node: '>=18'}

  wrap-ansi@9.0.2:
    resolution: {integrity: sha512-42AtmgqjV+X1VpdOfyTGOYRi0/zsoLqtXQckTmqTeybT+BDIbM/Guxo7x3pE2vtpr1ok6xRqM9OpBe+Jyoqyww==}
    engines: {node: '>=18'}

  ws@8.20.0:
    resolution: {integrity: sha512-sAt8BhgNbzCtgGbt2OxmpuryO63ZoDk/sqaB/znQm94T4fCEsy/yV+7CdC1kJhOU9lboAEU7R3kquuycDoibVA==}
    engines: {node: '>=10.0.0'}
    peerDependencies:
      bufferutil: ^4.0.1
      utf-8-validate: '>=5.0.2'
    peerDependenciesMeta:
      bufferutil:
        optional: true
      utf-8-validate:
        optional: true

  yn@3.1.1:
    resolution: {integrity: sha512-Ux4ygGWsu2c7isFWe8Yu1YluJmqVhxqK2cLXNQA5AcC3QfbGNpM7fu0Y8b/z16pXLnFxZYvWhd3fhBY9DLmC6Q==}
    engines: {node: '>=6'}

snapshots:

  '@colors/colors@1.5.0':
    optional: true

  '@cspotcode/source-map-support@0.8.1':
    dependencies:
      '@jridgewell/trace-mapping': 0.3.9

  '@jridgewell/resolve-uri@3.1.2': {}

  '@jridgewell/sourcemap-codec@1.5.5': {}

  '@jridgewell/trace-mapping@0.3.9':
    dependencies:
      '@jridgewell/resolve-uri': 3.1.2
      '@jridgewell/sourcemap-codec': 1.5.5

  '@mongodb-js/saslprep@1.4.6':
    dependencies:
      sparse-bitfield: 3.0.3

  '@noble/curves@1.9.7':
    dependencies:
      '@noble/hashes': 1.8.0

  '@noble/hashes@1.8.0': {}

  '@polkadot-api/json-rpc-provider-proxy@0.1.0':
    optional: true

  '@polkadot-api/json-rpc-provider@0.0.1':
    optional: true

  '@polkadot-api/metadata-builders@0.3.2':
    dependencies:
      '@polkadot-api/substrate-bindings': 0.6.0
      '@polkadot-api/utils': 0.1.0
    optional: true

  '@polkadot-api/observable-client@0.3.2(@polkadot-api/substrate-client@0.1.4)(rxjs@7.8.2)':
    dependencies:
      '@polkadot-api/metadata-builders': 0.3.2
      '@polkadot-api/substrate-bindings': 0.6.0
      '@polkadot-api/substrate-client': 0.1.4
      '@polkadot-api/utils': 0.1.0
      rxjs: 7.8.2
    optional: true

  '@polkadot-api/substrate-bindings@0.6.0':
    dependencies:
      '@noble/hashes': 1.8.0
      '@polkadot-api/utils': 0.1.0
      '@scure/base': 1.2.6
      scale-ts: 1.6.1
    optional: true

  '@polkadot-api/substrate-client@0.1.4':
    dependencies:
      '@polkadot-api/json-rpc-provider': 0.0.1
      '@polkadot-api/utils': 0.1.0
    optional: true

  '@polkadot-api/utils@0.1.0':
    optional: true

  '@polkadot/api-augment@16.5.6':
    dependencies:
      '@polkadot/api-base': 16.5.6
      '@polkadot/rpc-augment': 16.5.6
      '@polkadot/types': 16.5.6
      '@polkadot/types-augment': 16.5.6
      '@polkadot/types-codec': 16.5.6
      '@polkadot/util': 14.0.3
      tslib: 2.8.1
    transitivePeerDependencies:
      - bufferutil
      - supports-color
      - utf-8-validate

  '@polkadot/api-base@16.5.6':
    dependencies:
      '@polkadot/rpc-core': 16.5.6
      '@polkadot/types': 16.5.6
      '@polkadot/util': 14.0.3
      rxjs: 7.8.2
      tslib: 2.8.1
    transitivePeerDependencies:
      - bufferutil
      - supports-color
      - utf-8-validate

  '@polkadot/api-derive@16.5.6':
    dependencies:
      '@polkadot/api': 16.5.6
      '@polkadot/api-augment': 16.5.6
      '@polkadot/api-base': 16.5.6
      '@polkadot/rpc-core': 16.5.6
      '@polkadot/types': 16.5.6
      '@polkadot/types-codec': 16.5.6
      '@polkadot/util': 14.0.3
      '@polkadot/util-crypto': 14.0.3(@polkadot/util@14.0.3)
      rxjs: 7.8.2
      tslib: 2.8.1
    transitivePeerDependencies:
      - bufferutil
      - supports-color
      - utf-8-validate

  '@polkadot/api@16.5.6':
    dependencies:
      '@polkadot/api-augment': 16.5.6
      '@polkadot/api-base': 16.5.6
      '@polkadot/api-derive': 16.5.6
      '@polkadot/keyring': 14.0.3(@polkadot/util-crypto@14.0.3(@polkadot/util@14.0.3))(@polkadot/util@14.0.3)
      '@polkadot/rpc-augment': 16.5.6
      '@polkadot/rpc-core': 16.5.6
      '@polkadot/rpc-provider': 16.5.6
      '@polkadot/types': 16.5.6
      '@polkadot/types-augment': 16.5.6
      '@polkadot/types-codec': 16.5.6
      '@polkadot/types-create': 16.5.6
      '@polkadot/types-known': 16.5.6
      '@polkadot/util': 14.0.3
      '@polkadot/util-crypto': 14.0.3(@polkadot/util@14.0.3)
      eventemitter3: 5.0.4
      rxjs: 7.8.2
      tslib: 2.8.1
    transitivePeerDependencies:
      - bufferutil
      - supports-color
      - utf-8-validate

  '@polkadot/keyring@14.0.3(@polkadot/util-crypto@14.0.3(@polkadot/util@14.0.3))(@polkadot/util@14.0.3)':
    dependencies:
      '@polkadot/util': 14.0.3
      '@polkadot/util-crypto': 14.0.3(@polkadot/util@14.0.3)
      tslib: 2.8.1

  '@polkadot/networks@14.0.3':
    dependencies:
      '@polkadot/util': 14.0.3
      '@substrate/ss58-registry': 1.51.0
      tslib: 2.8.1

  '@polkadot/rpc-augment@16.5.6':
    dependencies:
      '@polkadot/rpc-core': 16.5.6
      '@polkadot/types': 16.5.6
      '@polkadot/types-codec': 16.5.6
      '@polkadot/util': 14.0.3
      tslib: 2.8.1
    transitivePeerDependencies:
      - bufferutil
      - supports-color
      - utf-8-validate

  '@polkadot/rpc-core@16.5.6':
    dependencies:
      '@polkadot/rpc-augment': 16.5.6
      '@polkadot/rpc-provider': 16.5.6
      '@polkadot/types': 16.5.6
      '@polkadot/util': 14.0.3
      rxjs: 7.8.2
      tslib: 2.8.1
    transitivePeerDependencies:
      - bufferutil
      - supports-color
      - utf-8-validate

  '@polkadot/rpc-provider@16.5.6':
    dependencies:
      '@polkadot/keyring': 14.0.3(@polkadot/util-crypto@14.0.3(@polkadot/util@14.0.3))(@polkadot/util@14.0.3)
      '@polkadot/types': 16.5.6
      '@polkadot/types-support': 16.5.6
      '@polkadot/util': 14.0.3
      '@polkadot/util-crypto': 14.0.3(@polkadot/util@14.0.3)
      '@polkadot/x-fetch': 14.0.3
      '@polkadot/x-global': 14.0.3
      '@polkadot/x-ws': 14.0.3
      eventemitter3: 5.0.4
      mock-socket: 9.3.1
      nock: 13.5.6
      tslib: 2.8.1
    optionalDependencies:
      '@substrate/connect': 0.8.11
    transitivePeerDependencies:
      - bufferutil
      - supports-color
      - utf-8-validate

  '@polkadot/types-augment@16.5.6':
    dependencies:
      '@polkadot/types': 16.5.6
      '@polkadot/types-codec': 16.5.6
      '@polkadot/util': 14.0.3
      tslib: 2.8.1

  '@polkadot/types-codec@16.5.6':
    dependencies:
      '@polkadot/util': 14.0.3
      '@polkadot/x-bigint': 14.0.3
      tslib: 2.8.1

  '@polkadot/types-create@16.5.6':
    dependencies:
      '@polkadot/types-codec': 16.5.6
      '@polkadot/util': 14.0.3
      tslib: 2.8.1

  '@polkadot/types-known@16.5.6':
    dependencies:
      '@polkadot/networks': 14.0.3
      '@polkadot/types': 16.5.6
      '@polkadot/types-codec': 16.5.6
      '@polkadot/types-create': 16.5.6
      '@polkadot/util': 14.0.3
      tslib: 2.8.1

  '@polkadot/types-support@16.5.6':
    dependencies:
      '@polkadot/util': 14.0.3
      tslib: 2.8.1

  '@polkadot/types@16.5.6':
    dependencies:
      '@polkadot/keyring': 14.0.3(@polkadot/util-crypto@14.0.3(@polkadot/util@14.0.3))(@polkadot/util@14.0.3)
      '@polkadot/types-augment': 16.5.6
      '@polkadot/types-codec': 16.5.6
      '@polkadot/types-create': 16.5.6
      '@polkadot/util': 14.0.3
      '@polkadot/util-crypto': 14.0.3(@polkadot/util@14.0.3)
      rxjs: 7.8.2
      tslib: 2.8.1

  '@polkadot/util-crypto@14.0.3(@polkadot/util@14.0.3)':
    dependencies:
      '@noble/curves': 1.9.7
      '@noble/hashes': 1.8.0
      '@polkadot/networks': 14.0.3
      '@polkadot/util': 14.0.3
      '@polkadot/wasm-crypto': 7.5.4(@polkadot/util@14.0.3)(@polkadot/x-randomvalues@14.0.3(@polkadot/util@14.0.3)(@polkadot/wasm-util@7.5.4(@polkadot/util@14.0.3)))
      '@polkadot/wasm-util': 7.5.4(@polkadot/util@14.0.3)
      '@polkadot/x-bigint': 14.0.3
      '@polkadot/x-randomvalues': 14.0.3(@polkadot/util@14.0.3)(@polkadot/wasm-util@7.5.4(@polkadot/util@14.0.3))
      '@scure/base': 1.2.6
      '@scure/sr25519': 0.2.0
      tslib: 2.8.1

  '@polkadot/util@14.0.3':
    dependencies:
      '@polkadot/x-bigint': 14.0.3
      '@polkadot/x-global': 14.0.3
      '@polkadot/x-textdecoder': 14.0.3
      '@polkadot/x-textencoder': 14.0.3
      '@types/bn.js': 5.2.0
      bn.js: 5.2.3
      tslib: 2.8.1

  '@polkadot/wasm-bridge@7.5.4(@polkadot/util@14.0.3)(@polkadot/x-randomvalues@14.0.3(@polkadot/util@14.0.3)(@polkadot/wasm-util@7.5.4(@polkadot/util@14.0.3)))':
    dependencies:
      '@polkadot/util': 14.0.3
      '@polkadot/wasm-util': 7.5.4(@polkadot/util@14.0.3)
      '@polkadot/x-randomvalues': 14.0.3(@polkadot/util@14.0.3)(@polkadot/wasm-util@7.5.4(@polkadot/util@14.0.3))
      tslib: 2.8.1

  '@polkadot/wasm-crypto-asmjs@7.5.4(@polkadot/util@14.0.3)':
    dependencies:
      '@polkadot/util': 14.0.3
      tslib: 2.8.1

  '@polkadot/wasm-crypto-init@7.5.4(@polkadot/util@14.0.3)(@polkadot/x-randomvalues@14.0.3(@polkadot/util@14.0.3)(@polkadot/wasm-util@7.5.4(@polkadot/util@14.0.3)))':
    dependencies:
      '@polkadot/util': 14.0.3
      '@polkadot/wasm-bridge': 7.5.4(@polkadot/util@14.0.3)(@polkadot/x-randomvalues@14.0.3(@polkadot/util@14.0.3)(@polkadot/wasm-util@7.5.4(@polkadot/util@14.0.3)))
      '@polkadot/wasm-crypto-asmjs': 7.5.4(@polkadot/util@14.0.3)
      '@polkadot/wasm-crypto-wasm': 7.5.4(@polkadot/util@14.0.3)
      '@polkadot/wasm-util': 7.5.4(@polkadot/util@14.0.3)
      '@polkadot/x-randomvalues': 14.0.3(@polkadot/util@14.0.3)(@polkadot/wasm-util@7.5.4(@polkadot/util@14.0.3))
      tslib: 2.8.1

  '@polkadot/wasm-crypto-wasm@7.5.4(@polkadot/util@14.0.3)':
    dependencies:
      '@polkadot/util': 14.0.3
      '@polkadot/wasm-util': 7.5.4(@polkadot/util@14.0.3)
      tslib: 2.8.1

  '@polkadot/wasm-crypto@7.5.4(@polkadot/util@14.0.3)(@polkadot/x-randomvalues@14.0.3(@polkadot/util@14.0.3)(@polkadot/wasm-util@7.5.4(@polkadot/util@14.0.3)))':
    dependencies:
      '@polkadot/util': 14.0.3
      '@polkadot/wasm-bridge': 7.5.4(@polkadot/util@14.0.3)(@polkadot/x-randomvalues@14.0.3(@polkadot/util@14.0.3)(@polkadot/wasm-util@7.5.4(@polkadot/util@14.0.3)))
      '@polkadot/wasm-crypto-asmjs': 7.5.4(@polkadot/util@14.0.3)
      '@polkadot/wasm-crypto-init': 7.5.4(@polkadot/util@14.0.3)(@polkadot/x-randomvalues@14.0.3(@polkadot/util@14.0.3)(@polkadot/wasm-util@7.5.4(@polkadot/util@14.0.3)))
      '@polkadot/wasm-crypto-wasm': 7.5.4(@polkadot/util@14.0.3)
      '@polkadot/wasm-util': 7.5.4(@polkadot/util@14.0.3)
      '@polkadot/x-randomvalues': 14.0.3(@polkadot/util@14.0.3)(@polkadot/wasm-util@7.5.4(@polkadot/util@14.0.3))
      tslib: 2.8.1

  '@polkadot/wasm-util@7.5.4(@polkadot/util@14.0.3)':
    dependencies:
      '@polkadot/util': 14.0.3
      tslib: 2.8.1

  '@polkadot/x-bigint@14.0.3':
    dependencies:
      '@polkadot/x-global': 14.0.3
      tslib: 2.8.1

  '@polkadot/x-fetch@14.0.3':
    dependencies:
      '@polkadot/x-global': 14.0.3
      node-fetch: 3.3.2
      tslib: 2.8.1

  '@polkadot/x-global@14.0.3':
    dependencies:
      tslib: 2.8.1

  '@polkadot/x-randomvalues@14.0.3(@polkadot/util@14.0.3)(@polkadot/wasm-util@7.5.4(@polkadot/util@14.0.3))':
    dependencies:
      '@polkadot/util': 14.0.3
      '@polkadot/wasm-util': 7.5.4(@polkadot/util@14.0.3)
      '@polkadot/x-global': 14.0.3
      tslib: 2.8.1

  '@polkadot/x-textdecoder@14.0.3':
    dependencies:
      '@polkadot/x-global': 14.0.3
      tslib: 2.8.1

  '@polkadot/x-textencoder@14.0.3':
    dependencies:
      '@polkadot/x-global': 14.0.3
      tslib: 2.8.1

  '@polkadot/x-ws@14.0.3':
    dependencies:
      '@polkadot/x-global': 14.0.3
      tslib: 2.8.1
      ws: 8.20.0
    transitivePeerDependencies:
      - bufferutil
      - utf-8-validate

  '@scure/base@1.2.6': {}

  '@scure/sr25519@0.2.0':
    dependencies:
      '@noble/curves': 1.9.7
      '@noble/hashes': 1.8.0

  '@substrate/connect-extension-protocol@2.2.2':
    optional: true

  '@substrate/connect-known-chains@1.10.3':
    optional: true

  '@substrate/connect@0.8.11':
    dependencies:
      '@substrate/connect-extension-protocol': 2.2.2
      '@substrate/connect-known-chains': 1.10.3
      '@substrate/light-client-extension-helpers': 1.0.0(smoldot@2.0.26)
      smoldot: 2.0.26
    transitivePeerDependencies:
      - bufferutil
      - utf-8-validate
    optional: true

  '@substrate/light-client-extension-helpers@1.0.0(smoldot@2.0.26)':
    dependencies:
      '@polkadot-api/json-rpc-provider': 0.0.1
      '@polkadot-api/json-rpc-provider-proxy': 0.1.0
      '@polkadot-api/observable-client': 0.3.2(@polkadot-api/substrate-client@0.1.4)(rxjs@7.8.2)
      '@polkadot-api/substrate-client': 0.1.4
      '@substrate/connect-extension-protocol': 2.2.2
      '@substrate/connect-known-chains': 1.10.3
      rxjs: 7.8.2
      smoldot: 2.0.26
    optional: true

  '@substrate/ss58-registry@1.51.0': {}

  '@tsconfig/node10@1.0.12': {}

  '@tsconfig/node12@1.0.11': {}

  '@tsconfig/node14@1.0.3': {}

  '@tsconfig/node16@1.0.4': {}

  '@types/amqplib@0.10.8':
    dependencies:
      '@types/node': 25.5.0

  '@types/bn.js@5.2.0':
    dependencies:
      '@types/node': 25.5.0

  '@types/node@25.5.0':
    dependencies:
      undici-types: 7.18.2

  '@types/webidl-conversions@7.0.3': {}

  '@types/whatwg-url@13.0.0':
    dependencies:
      '@types/webidl-conversions': 7.0.3

  acorn-walk@8.3.5:
    dependencies:
      acorn: 8.16.0

  acorn@8.16.0: {}

  amqplib@1.0.2:
    dependencies:
      buffer-more-ints: 1.0.0

  ansi-align@3.0.1:
    dependencies:
      string-width: 4.2.3

  ansi-regex@5.0.1: {}

  ansi-regex@6.2.2: {}

  ansi-styles@6.2.3: {}

  arg@4.1.3: {}

  bn.js@5.2.3: {}

  boxen@8.0.1:
    dependencies:
      ansi-align: 3.0.1
      camelcase: 8.0.0
      chalk: 5.6.2
      cli-boxes: 3.0.0
      string-width: 7.2.0
      type-fest: 4.41.0
      widest-line: 5.0.0
      wrap-ansi: 9.0.2

  bson@7.2.0: {}

  buffer-more-ints@1.0.0: {}

  camelcase@8.0.0: {}

  chalk@5.6.2: {}

  cli-boxes@3.0.0: {}

  cli-table3@0.6.5:
    dependencies:
      string-width: 4.2.3
    optionalDependencies:
      '@colors/colors': 1.5.0

  create-require@1.1.1: {}

  data-uri-to-buffer@4.0.1: {}

  debug@4.4.3:
    dependencies:
      ms: 2.1.3

  diff@4.0.4: {}

  dotenv@17.3.1: {}

  emoji-regex@10.6.0: {}

  emoji-regex@8.0.0: {}

  eventemitter3@5.0.4: {}

  fetch-blob@3.2.0:
    dependencies:
      node-domexception: 1.0.0
      web-streams-polyfill: 3.3.3

  formdata-polyfill@4.0.10:
    dependencies:
      fetch-blob: 3.2.0

  get-east-asian-width@1.5.0: {}

  is-fullwidth-code-point@3.0.0: {}

  json-stringify-safe@5.0.1: {}

  kareem@3.2.0: {}

  make-error@1.3.6: {}

  memory-pager@1.5.0: {}

  mock-socket@9.3.1: {}

  mongodb-connection-string-url@7.0.1:
    dependencies:
      '@types/whatwg-url': 13.0.0
      whatwg-url: 14.2.0

  mongodb@7.1.1:
    dependencies:
      '@mongodb-js/saslprep': 1.4.6
      bson: 7.2.0
      mongodb-connection-string-url: 7.0.1

  mongoose@9.3.3:
    dependencies:
      kareem: 3.2.0
      mongodb: 7.1.1
      mpath: 0.9.0
      mquery: 6.0.0
      ms: 2.1.3
      sift: 17.1.3
    transitivePeerDependencies:
      - '@aws-sdk/credential-providers'
      - '@mongodb-js/zstd'
      - gcp-metadata
      - kerberos
      - mongodb-client-encryption
      - snappy
      - socks

  mpath@0.9.0: {}

  mquery@6.0.0: {}

  ms@2.1.3: {}

  nock@13.5.6:
    dependencies:
      debug: 4.4.3
      json-stringify-safe: 5.0.1
      propagate: 2.0.1
    transitivePeerDependencies:
      - supports-color

  node-domexception@1.0.0: {}

  node-fetch@3.3.2:
    dependencies:
      data-uri-to-buffer: 4.0.1
      fetch-blob: 3.2.0
      formdata-polyfill: 4.0.10

  propagate@2.0.1: {}

  punycode@2.3.1: {}

  rxjs@7.8.2:
    dependencies:
      tslib: 2.8.1

  scale-ts@1.6.1:
    optional: true

  sift@17.1.3: {}

  smoldot@2.0.26:
    dependencies:
      ws: 8.20.0
    transitivePeerDependencies:
      - bufferutil
      - utf-8-validate
    optional: true

  sparse-bitfield@3.0.3:
    dependencies:
      memory-pager: 1.5.0

  string-width@4.2.3:
    dependencies:
      emoji-regex: 8.0.0
      is-fullwidth-code-point: 3.0.0
      strip-ansi: 6.0.1

  string-width@7.2.0:
    dependencies:
      emoji-regex: 10.6.0
      get-east-asian-width: 1.5.0
      strip-ansi: 7.2.0

  strip-ansi@6.0.1:
    dependencies:
      ansi-regex: 5.0.1

  strip-ansi@7.2.0:
    dependencies:
      ansi-regex: 6.2.2

  tr46@5.1.1:
    dependencies:
      punycode: 2.3.1

  ts-node@10.9.2(@types/node@25.5.0)(typescript@6.0.2):
    dependencies:
      '@cspotcode/source-map-support': 0.8.1
      '@tsconfig/node10': 1.0.12
      '@tsconfig/node12': 1.0.11
      '@tsconfig/node14': 1.0.3
      '@tsconfig/node16': 1.0.4
      '@types/node': 25.5.0
      acorn: 8.16.0
      acorn-walk: 8.3.5
      arg: 4.1.3
      create-require: 1.1.1
      diff: 4.0.4
      make-error: 1.3.6
      typescript: 6.0.2
      v8-compile-cache-lib: 3.0.1
      yn: 3.1.1

  tslib@2.8.1: {}

  type-fest@4.41.0: {}

  typescript@6.0.2: {}

  undici-types@7.18.2: {}

  v8-compile-cache-lib@3.0.1: {}

  web-streams-polyfill@3.3.3: {}

  webidl-conversions@7.0.0: {}

  whatwg-url@14.2.0:
    dependencies:
      tr46: 5.1.1
      webidl-conversions: 7.0.0

  widest-line@5.0.0:
    dependencies:
      string-width: 7.2.0

  wrap-ansi@9.0.2:
    dependencies:
      ansi-styles: 6.2.3
      string-width: 7.2.0
      strip-ansi: 7.2.0

  ws@8.20.0: {}

  yn@3.1.1: {}
